// !$*UTF8*$!
{
	archiveVersion = 1;
	classes = {
	};
	objectVersion = 77;
	objects = {

/* Begin PBXBuildFile section */
		BF5052B22D15737E00D05C19 /* UIViewController+Utils.swift in Sources */ = {isa = PBXBuildFile; fileRef = BF5052B12D15737E00D05C19 /* UIViewController+Utils.swift */; };
		BF5052B42D1574EC00D05C19 /* MainViewController.swift in Sources */ = {isa = PBXBuildFile; fileRef = BF5052B32D1574EC00D05C19 /* MainViewController.swift */; };
		BF6DBA262D17B49E005D9C4C /* NSNotificationName.swift in Sources */ = {isa = PBXBuildFile; fileRef = BF6DBA252D17B49E005D9C4C /* NSNotificationName.swift */; };
		BF6DBA282D17B91D005D9C4C /* UITextField+SecureToggle.swift in Sources */ = {isa = PBXBuildFile; fileRef = BF6DBA272D17B91D005D9C4C /* UITextField+SecureToggle.swift */; };
		BFCF1E562D166A4A00D19B74 /* AccountSummaryViewController.swift in Sources */ = {isa = PBXBuildFile; fileRef = BFCF1E552D166A4A00D19B74 /* AccountSummaryViewController.swift */; };
		BFCF1E582D166D1D00D19B74 /* AccountSummaryHeaderView.swift in Sources */ = {isa = PBXBuildFile; fileRef = BFCF1E572D166D1D00D19B74 /* AccountSummaryHeaderView.swift */; };
		BFCF1E5A2D166D8D00D19B74 /* AccountSummaryHeaderView.xib in Resources */ = {isa = PBXBuildFile; fileRef = BFCF1E592D166D8D00D19B74 /* AccountSummaryHeaderView.xib */; };
		BFCF1E642D1696B500D19B74 /* AccountSummaryCell.swift in Sources */ = {isa = PBXBuildFile; fileRef = BFCF1E632D1696B500D19B74 /* AccountSummaryCell.swift */; };
		BFCF1E662D16AC1F00D19B74 /* DecimalUtils.swift in Sources */ = {isa = PBXBuildFile; fileRef = BFCF1E652D16AC1F00D19B74 /* DecimalUtils.swift */; };
		BFCF1E682D16AC7B00D19B74 /* CurrencyFormatter.swift in Sources */ = {isa = PBXBuildFile; fileRef = BFCF1E672D16AC7B00D19B74 /* CurrencyFormatter.swift */; };
		BFEC3ADC2D112BC1009B636A /* Assets.xcassets in Resources */ = {isa = PBXBuildFile; fileRef = BFEC3AD62D112BC1009B636A /* Assets.xcassets */; };
		BFEC3ADE2D112BC1009B636A /* LaunchScreen.storyboard in Resources */ = {isa = PBXBuildFile; fileRef = BFEC3AD92D112BC1009B636A /* LaunchScreen.storyboard */; };
		BFEC3ADF2D112BC1009B636A /* AppDelegate.swift in Sources */ = {isa = PBXBuildFile; fileRef = BFEC3AD52D112BC1009B636A /* AppDelegate.swift */; };
		BFEC3AE02D112BC1009B636A /* LoginViewController.swift in Sources */ = {isa = PBXBuildFile; fileRef = BFEC3ADA2D112BC1009B636A /* LoginViewController.swift */; };
		BFEC3AE52D112EDE009B636A /* LoginView.swift in Sources */ = {isa = PBXBuildFile; fileRef = BFEC3AE42D112EDE009B636A /* LoginView.swift */; };
		BFF221E72D13BD2200C36270 /* OnboardingContainerViewController.swift in Sources */ = {isa = PBXBuildFile; fileRef = BFF221E62D13BD2200C36270 /* OnboardingContainerViewController.swift */; };
		BFF221E92D13C6FD00C36270 /* OnboardingViewController.swift in Sources */ = {isa = PBXBuildFile; fileRef = BFF221E82D13C6FD00C36270 /* OnboardingViewController.swift */; };
		BFF221EB2D13E75800C36270 /* DummyViewController.swift in Sources */ = {isa = PBXBuildFile; fileRef = BFF221EA2D13E75800C36270 /* DummyViewController.swift */; };
		BFF221EE2D13F24200C36270 /* LocalState.swift in Sources */ = {isa = PBXBuildFile; fileRef = BFF221ED2D13F24200C36270 /* LocalState.swift */; };
/* End PBXBuildFile section */

/* Begin PBXContainerItemProxy section */
		BF254D0C2D1918E700944721 /* PBXContainerItemProxy */ = {
			isa = PBXContainerItemProxy;
			containerPortal = BFEC3AB52D1124F9009B636A /* Project object */;
			proxyType = 1;
			remoteGlobalIDString = BFEC3ABC2D1124F9009B636A;
			remoteInfo = Bankey;
		};
/* End PBXContainerItemProxy section */

/* Begin PBXFileReference section */
		BF254D082D1918E700944721 /* BankeyUnitTests.xctest */ = {isa = PBXFileReference; explicitFileType = wrapper.cfbundle; includeInIndex = 0; path = BankeyUnitTests.xctest; sourceTree = BUILT_PRODUCTS_DIR; };
		BF5052B12D15737E00D05C19 /* UIViewController+Utils.swift */ = {isa = PBXFileReference; lastKnownFileType = sourcecode.swift; path = "UIViewController+Utils.swift"; sourceTree = "<group>"; };
		BF5052B32D1574EC00D05C19 /* MainViewController.swift */ = {isa = PBXFileReference; lastKnownFileType = sourcecode.swift; path = MainViewController.swift; sourceTree = "<group>"; };
		BF6DBA252D17B49E005D9C4C /* NSNotificationName.swift */ = {isa = PBXFileReference; lastKnownFileType = sourcecode.swift; path = NSNotificationName.swift; sourceTree = "<group>"; };
		BF6DBA272D17B91D005D9C4C /* UITextField+SecureToggle.swift */ = {isa = PBXFileReference; lastKnownFileType = sourcecode.swift; path = "UITextField+SecureToggle.swift"; sourceTree = "<group>"; };
		BFCF1E552D166A4A00D19B74 /* AccountSummaryViewController.swift */ = {isa = PBXFileReference; lastKnownFileType = sourcecode.swift; path = AccountSummaryViewController.swift; sourceTree = "<group>"; };
		BFCF1E572D166D1D00D19B74 /* AccountSummaryHeaderView.swift */ = {isa = PBXFileReference; lastKnownFileType = sourcecode.swift; path = AccountSummaryHeaderView.swift; sourceTree = "<group>"; };
		BFCF1E592D166D8D00D19B74 /* AccountSummaryHeaderView.xib */ = {isa = PBXFileReference; lastKnownFileType = file.xib; path = AccountSummaryHeaderView.xib; sourceTree = "<group>"; };
		BFCF1E632D1696B500D19B74 /* AccountSummaryCell.swift */ = {isa = PBXFileReference; lastKnownFileType = sourcecode.swift; path = AccountSummaryCell.swift; sourceTree = "<group>"; };
		BFCF1E652D16AC1F00D19B74 /* DecimalUtils.swift */ = {isa = PBXFileReference; lastKnownFileType = sourcecode.swift; path = DecimalUtils.swift; sourceTree = "<group>"; };
		BFCF1E672D16AC7B00D19B74 /* CurrencyFormatter.swift */ = {isa = PBXFileReference; lastKnownFileType = sourcecode.swift; path = CurrencyFormatter.swift; sourceTree = "<group>"; };
		BFEC3ABD2D1124F9009B636A /* Bankey.app */ = {isa = PBXFileReference; explicitFileType = wrapper.application; includeInIndex = 0; path = Bankey.app; sourceTree = BUILT_PRODUCTS_DIR; };
		BFEC3AD52D112BC1009B636A /* AppDelegate.swift */ = {isa = PBXFileReference; lastKnownFileType = sourcecode.swift; path = AppDelegate.swift; sourceTree = "<group>"; };
		BFEC3AD62D112BC1009B636A /* Assets.xcassets */ = {isa = PBXFileReference; lastKnownFileType = folder.assetcatalog; path = Assets.xcassets; sourceTree = "<group>"; };
		BFEC3AD72D112BC1009B636A /* Info.plist */ = {isa = PBXFileReference; lastKnownFileType = text.plist.xml; path = Info.plist; sourceTree = "<group>"; };
		BFEC3AD82D112BC1009B636A /* Base */ = {isa = PBXFileReference; lastKnownFileType = file.storyboard; name = Base; path = Base.lproj/LaunchScreen.storyboard; sourceTree = "<group>"; };
		BFEC3ADA2D112BC1009B636A /* LoginViewController.swift */ = {isa = PBXFileReference; lastKnownFileType = sourcecode.swift; path = LoginViewController.swift; sourceTree = "<group>"; };
		BFEC3AE42D112EDE009B636A /* LoginView.swift */ = {isa = PBXFileReference; lastKnownFileType = sourcecode.swift; path = LoginView.swift; sourceTree = "<group>"; };
		BFF221E62D13BD2200C36270 /* OnboardingContainerViewController.swift */ = {isa = PBXFileReference; lastKnownFileType = sourcecode.swift; path = OnboardingContainerViewController.swift; sourceTree = "<group>"; };
		BFF221E82D13C6FD00C36270 /* OnboardingViewController.swift */ = {isa = PBXFileReference; lastKnownFileType = sourcecode.swift; path = OnboardingViewController.swift; sourceTree = "<group>"; };
		BFF221EA2D13E75800C36270 /* DummyViewController.swift */ = {isa = PBXFileReference; lastKnownFileType = sourcecode.swift; path = DummyViewController.swift; sourceTree = "<group>"; };
		BFF221ED2D13F24200C36270 /* LocalState.swift */ = {isa = PBXFileReference; lastKnownFileType = sourcecode.swift; path = LocalState.swift; sourceTree = "<group>"; };
/* End PBXFileReference section */

/* Begin PBXFileSystemSynchronizedRootGroup section */
		BF254D092D1918E700944721 /* BankeyUnitTests */ = {
			isa = PBXFileSystemSynchronizedRootGroup;
			path = BankeyUnitTests;
			sourceTree = "<group>";
		};
/* End PBXFileSystemSynchronizedRootGroup section */

/* Begin PBXFrameworksBuildPhase section */
		BF254D052D1918E700944721 /* Frameworks */ = {
			isa = PBXFrameworksBuildPhase;
			buildActionMask = 2147483647;
			files = (
			);
			runOnlyForDeploymentPostprocessing = 0;
		};
		BFEC3ABA2D1124F9009B636A /* Frameworks */ = {
			isa = PBXFrameworksBuildPhase;
			buildActionMask = 2147483647;
			files = (
			);
			runOnlyForDeploymentPostprocessing = 0;
		};
/* End PBXFrameworksBuildPhase section */

/* Begin PBXGroup section */
		BFCF1E542D166A0600D19B74 /* AccountSummary */ = {
			isa = PBXGroup;
			children = (
				BFCF1E552D166A4A00D19B74 /* AccountSummaryViewController.swift */,
				BFCF1E612D16964A00D19B74 /* Header */,
				BFCF1E622D16967400D19B74 /* Cell */,
			);
			path = AccountSummary;
			sourceTree = "<group>";
		};
		BFCF1E612D16964A00D19B74 /* Header */ = {
			isa = PBXGroup;
			children = (
				BFCF1E572D166D1D00D19B74 /* AccountSummaryHeaderView.swift */,
				BFCF1E592D166D8D00D19B74 /* AccountSummaryHeaderView.xib */,
			);
			path = Header;
			sourceTree = "<group>";
		};
		BFCF1E622D16967400D19B74 /* Cell */ = {
			isa = PBXGroup;
			children = (
				BFCF1E632D1696B500D19B74 /* AccountSummaryCell.swift */,
			);
			path = Cell;
			sourceTree = "<group>";
		};
		BFEC3AB42D1124F9009B636A = {
			isa = PBXGroup;
			children = (
				BFEC3ADB2D112BC1009B636A /* Bankey */,
				BF254D092D1918E700944721 /* BankeyUnitTests */,
				BFEC3ABE2D1124F9009B636A /* Products */,
			);
			sourceTree = "<group>";
		};
		BFEC3ABE2D1124F9009B636A /* Products */ = {
			isa = PBXGroup;
			children = (
				BFEC3ABD2D1124F9009B636A /* Bankey.app */,
				BF254D082D1918E700944721 /* BankeyUnitTests.xctest */,
			);
			name = Products;
			sourceTree = "<group>";
		};
		BFEC3ADB2D112BC1009B636A /* Bankey */ = {
			isa = PBXGroup;
			children = (
				BFEC3AD52D112BC1009B636A /* AppDelegate.swift */,
				BF5052B32D1574EC00D05C19 /* MainViewController.swift */,
				BFEC3AE32D112EA3009B636A /* Login */,
				BFF221E52D13BCD700C36270 /* OnBoarding */,
				BFCF1E542D166A0600D19B74 /* AccountSummary */,
				BFF221EC2D13F22500C36270 /* Utils */,
				BFEC3AD62D112BC1009B636A /* Assets.xcassets */,
				BFEC3AD92D112BC1009B636A /* LaunchScreen.storyboard */,
				BFEC3AD72D112BC1009B636A /* Info.plist */,
			);
			path = Bankey;
			sourceTree = "<group>";
		};
		BFEC3AE32D112EA3009B636A /* Login */ = {
			isa = PBXGroup;
			children = (
				BFEC3ADA2D112BC1009B636A /* LoginViewController.swift */,
				BFEC3AE42D112EDE009B636A /* LoginView.swift */,
				BFF221EA2D13E75800C36270 /* DummyViewController.swift */,
			);
			path = Login;
			sourceTree = "<group>";
		};
		BFF221E52D13BCD700C36270 /* OnBoarding */ = {
			isa = PBXGroup;
			children = (
				BFF221E62D13BD2200C36270 /* OnboardingContainerViewController.swift */,
				BFF221E82D13C6FD00C36270 /* OnboardingViewController.swift */,
			);
			path = OnBoarding;
			sourceTree = "<group>";
		};
		BFF221EC2D13F22500C36270 /* Utils */ = {
			isa = PBXGroup;
			children = (
				BFF221ED2D13F24200C36270 /* LocalState.swift */,
				BF5052B12D15737E00D05C19 /* UIViewController+Utils.swift */,
				BFCF1E652D16AC1F00D19B74 /* DecimalUtils.swift */,
				BFCF1E672D16AC7B00D19B74 /* CurrencyFormatter.swift */,
				BF6DBA252D17B49E005D9C4C /* NSNotificationName.swift */,
				BF6DBA272D17B91D005D9C4C /* UITextField+SecureToggle.swift */,
			);
			path = Utils;
			sourceTree = "<group>";
		};
/* End PBXGroup section */

/* Begin PBXNativeTarget section */
		BF254D072D1918E700944721 /* BankeyUnitTests */ = {
			isa = PBXNativeTarget;
			buildConfigurationList = BF254D102D1918E700944721 /* Build configuration list for PBXNativeTarget "BankeyUnitTests" */;
			buildPhases = (
				BF254D042D1918E700944721 /* Sources */,
				BF254D052D1918E700944721 /* Frameworks */,
				BF254D062D1918E700944721 /* Resources */,
			);
			buildRules = (
			);
			dependencies = (
				BF254D0D2D1918E700944721 /* PBXTargetDependency */,
			);
			fileSystemSynchronizedGroups = (
				BF254D092D1918E700944721 /* BankeyUnitTests */,
			);
			name = BankeyUnitTests;
			packageProductDependencies = (
			);
			productName = BankeyUnitTests;
			productReference = BF254D082D1918E700944721 /* BankeyUnitTests.xctest */;
			productType = "com.apple.product-type.bundle.unit-test";
		};
		BFEC3ABC2D1124F9009B636A /* Bankey */ = {
			isa = PBXNativeTarget;
			buildConfigurationList = BFEC3AD02D1124FA009B636A /* Build configuration list for PBXNativeTarget "Bankey" */;
			buildPhases = (
				BFEC3AB92D1124F9009B636A /* Sources */,
				BFEC3ABA2D1124F9009B636A /* Frameworks */,
				BFEC3ABB2D1124F9009B636A /* Resources */,
			);
			buildRules = (
			);
			dependencies = (
			);
			name = Bankey;
			packageProductDependencies = (
			);
			productName = Bankey;
			productReference = BFEC3ABD2D1124F9009B636A /* Bankey.app */;
			productType = "com.apple.product-type.application";
		};
/* End PBXNativeTarget section */

/* Begin PBXProject section */
		BFEC3AB52D1124F9009B636A /* Project object */ = {
			isa = PBXProject;
			attributes = {
				BuildIndependentTargetsInParallel = 1;
				LastSwiftUpdateCheck = 1610;
				LastUpgradeCheck = 1610;
				TargetAttributes = {
					BF254D072D1918E700944721 = {
						CreatedOnToolsVersion = 16.1;
						LastSwiftMigration = 1610;
						TestTargetID = BFEC3ABC2D1124F9009B636A;
					};
					BFEC3ABC2D1124F9009B636A = {
						CreatedOnToolsVersion = 16.1;
					};
				};
			};
			buildConfigurationList = BFEC3AB82D1124F9009B636A /* Build configuration list for PBXProject "Bankey" */;
			developmentRegion = en;
			hasScannedForEncodings = 0;
			knownRegions = (
				en,
				Base,
			);
			mainGroup = BFEC3AB42D1124F9009B636A;
			minimizedProjectReferenceProxies = 1;
			preferredProjectObjectVersion = 77;
			productRefGroup = BFEC3ABE2D1124F9009B636A /* Products */;
			projectDirPath = "";
			projectRoot = "";
			targets = (
				BFEC3ABC2D1124F9009B636A /* Bankey */,
				BF254D072D1918E700944721 /* BankeyUnitTests */,
			);
		};
/* End PBXProject section */

/* Begin PBXResourcesBuildPhase section */
		BF254D062D1918E700944721 /* Resources */ = {
			isa = PBXResourcesBuildPhase;
			buildActionMask = 2147483647;
			files = (
			);
			runOnlyForDeploymentPostprocessing = 0;
		};
		BFEC3ABB2D1124F9009B636A /* Resources */ = {
			isa = PBXResourcesBuildPhase;
			buildActionMask = 2147483647;
			files = (
				BFCF1E5A2D166D8D00D19B74 /* AccountSummaryHeaderView.xib in Resources */,
				BFEC3ADC2D112BC1009B636A /* Assets.xcassets in Resources */,
				BFEC3ADE2D112BC1009B636A /* LaunchScreen.storyboard in Resources */,
			);
			runOnlyForDeploymentPostprocessing = 0;
		};
/* End PBXResourcesBuildPhase section */

/* Begin PBXSourcesBuildPhase section */
		BF254D042D1918E700944721 /* Sources */ = {
			isa = PBXSourcesBuildPhase;
			buildActionMask = 2147483647;
			files = (
			);
			runOnlyForDeploymentPostprocessing = 0;
		};
		BFEC3AB92D1124F9009B636A /* Sources */ = {
			isa = PBXSourcesBuildPhase;
			buildActionMask = 2147483647;
			files = (
				BF5052B22D15737E00D05C19 /* UIViewController+Utils.swift in Sources */,
				BFEC3AE52D112EDE009B636A /* LoginView.swift in Sources */,
				BFF221EE2D13F24200C36270 /* LocalState.swift in Sources */,
				BFCF1E582D166D1D00D19B74 /* AccountSummaryHeaderView.swift in Sources */,
				BF6DBA282D17B91D005D9C4C /* UITextField+SecureToggle.swift in Sources */,
				BFF221EB2D13E75800C36270 /* DummyViewController.swift in Sources */,
				BFCF1E682D16AC7B00D19B74 /* CurrencyFormatter.swift in Sources */,
				BFCF1E662D16AC1F00D19B74 /* DecimalUtils.swift in Sources */,
				BF6DBA262D17B49E005D9C4C /* NSNotificationName.swift in Sources */,
				BFEC3ADF2D112BC1009B636A /* AppDelegate.swift in Sources */,
				BFCF1E642D1696B500D19B74 /* AccountSummaryCell.swift in Sources */,
				BFF221E92D13C6FD00C36270 /* OnboardingViewController.swift in Sources */,
				BF5052B42D1574EC00D05C19 /* MainViewController.swift in Sources */,
				BFCF1E562D166A4A00D19B74 /* AccountSummaryViewController.swift in Sources */,
				BFEC3AE02D112BC1009B636A /* LoginViewController.swift in Sources */,
				BFF221E72D13BD2200C36270 /* OnboardingContainerViewController.swift in Sources */,
			);
			runOnlyForDeploymentPostprocessing = 0;
		};
/* End PBXSourcesBuildPhase section */

/* Begin PBXTargetDependency section */
		BF254D0D2D1918E700944721 /* PBXTargetDependency */ = {
			isa = PBXTargetDependency;
			target = BFEC3ABC2D1124F9009B636A /* Bankey */;
			targetProxy = BF254D0C2D1918E700944721 /* PBXContainerItemProxy */;
		};
/* End PBXTargetDependency section */

/* Begin PBXVariantGroup section */
		BFEC3AD92D112BC1009B636A /* LaunchScreen.storyboard */ = {
			isa = PBXVariantGroup;
			children = (
				BFEC3AD82D112BC1009B636A /* Base */,
			);
			name = LaunchScreen.storyboard;
			sourceTree = "<group>";
		};
/* End PBXVariantGroup section */

/* Begin XCBuildConfiguration section */
		BF254D0E2D1918E700944721 /* Debug */ = {
			isa = XCBuildConfiguration;
			buildSettings = {
				BUNDLE_LOADER = "$(TEST_HOST)";
				CLANG_ENABLE_MODULES = YES;
				CODE_SIGN_STYLE = Automatic;
				CURRENT_PROJECT_VERSION = 1;
				DEVELOPMENT_TEAM = T9MD4URZFH;
				GENERATE_INFOPLIST_FILE = YES;
				MARKETING_VERSION = 1.0;
				PRODUCT_BUNDLE_IDENTIFIER = com.superkookai.BankeyUnitTests;
				PRODUCT_NAME = "$(TARGET_NAME)";
				SWIFT_EMIT_LOC_STRINGS = NO;
				SWIFT_OPTIMIZATION_LEVEL = "-Onone";
				SWIFT_VERSION = 5.0;
				TARGETED_DEVICE_FAMILY = "1,2";
				TEST_HOST = "$(BUILT_PRODUCTS_DIR)/Bankey.app/$(BUNDLE_EXECUTABLE_FOLDER_PATH)/Bankey";
			};
			name = Debug;
		};
		BF254D0F2D1918E700944721 /* Release */ = {
			isa = XCBuildConfiguration;
			buildSettings = {
				BUNDLE_LOADER = "$(TEST_HOST)";
				CLANG_ENABLE_MODULES = YES;
				CODE_SIGN_STYLE = Automatic;
				CURRENT_PROJECT_VERSION = 1;
				DEVELOPMENT_TEAM = T9MD4URZFH;
				GENERATE_INFOPLIST_FILE = YES;
				MARKETING_VERSION = 1.0;
				PRODUCT_BUNDLE_IDENTIFIER = com.superkookai.BankeyUnitTests;
				PRODUCT_NAME = "$(TARGET_NAME)";
				SWIFT_EMIT_LOC_STRINGS = NO;
				SWIFT_VERSION = 5.0;
				TARGETED_DEVICE_FAMILY = "1,2";
				TEST_HOST = "$(BUILT_PRODUCTS_DIR)/Bankey.app/$(BUNDLE_EXECUTABLE_FOLDER_PATH)/Bankey";
			};
			name = Release;
		};
		BFEC3AD12D1124FA009B636A /* Debug */ = {
			isa = XCBuildConfiguration;
			buildSettings = {
				ASSETCATALOG_COMPILER_APPICON_NAME = AppIcon;
				ASSETCATALOG_COMPILER_GLOBAL_ACCENT_COLOR_NAME = AccentColor;
				CODE_SIGN_STYLE = Automatic;
				CURRENT_PROJECT_VERSION = 1;
				DEVELOPMENT_TEAM = T9MD4URZFH;
				GENERATE_INFOPLIST_FILE = YES;
				INFOPLIST_FILE = Bankey/Info.plist;
				INFOPLIST_KEY_UIApplicationSupportsIndirectInputEvents = YES;
				INFOPLIST_KEY_UILaunchStoryboardName = LaunchScreen;
				INFOPLIST_KEY_UISupportedInterfaceOrientations_iPad = "UIInterfaceOrientationPortrait UIInterfaceOrientationPortraitUpsideDown UIInterfaceOrientationLandscapeLeft UIInterfaceOrientationLandscapeRight";
				INFOPLIST_KEY_UISupportedInterfaceOrientations_iPhone = "UIInterfaceOrientationPortrait UIInterfaceOrientationLandscapeLeft UIInterfaceOrientationLandscapeRight";
				LD_RUNPATH_SEARCH_PATHS = (
					"$(inherited)",
					"@executable_path/Frameworks",
				);
				MARKETING_VERSION = 1.0;
				PRODUCT_BUNDLE_IDENTIFIER = com.superkookai.Bankey;
				PRODUCT_NAME = "$(TARGET_NAME)";
				SWIFT_EMIT_LOC_STRINGS = YES;
				SWIFT_VERSION = 5.0;
				TARGETED_DEVICE_FAMILY = "1,2";
			};
			name = Debug;
		};
		BFEC3AD22D1124FA009B636A /* Release */ = {
			isa = XCBuildConfiguration;
			buildSettings = {
				ASSETCATALOG_COMPILER_APPICON_NAME = AppIcon;
				ASSETCATALOG_COMPILER_GLOBAL_ACCENT_COLOR_NAME = AccentColor;
				CODE_SIGN_STYLE = Automatic;
				CURRENT_PROJECT_VERSION = 1;
				DEVELOPMENT_TEAM = T9MD4URZFH;
				GENERATE_INFOPLIST_FILE = YES;
				INFOPLIST_FILE = Bankey/Info.plist;
				INFOPLIST_KEY_UIApplicationSupportsIndirectInputEvents = YES;
				INFOPLIST_KEY_UILaunchStoryboardName = LaunchScreen;
				INFOPLIST_KEY_UISupportedInterfaceOrientations_iPad = "UIInterfaceOrientationPortrait UIInterfaceOrientationPortraitUpsideDown UIInterfaceOrientationLandscapeLeft UIInterfaceOrientationLandscapeRight";
				INFOPLIST_KEY_UISupportedInterfaceOrientations_iPhone = "UIInterfaceOrientationPortrait UIInterfaceOrientationLandscapeLeft UIInterfaceOrientationLandscapeRight";
				LD_RUNPATH_SEARCH_PATHS = (
					"$(inherited)",
					"@executable_path/Frameworks",
				);
				MARKETING_VERSION = 1.0;
				PRODUCT_BUNDLE_IDENTIFIER = com.superkookai.Bankey;
				PRODUCT_NAME = "$(TARGET_NAME)";
				SWIFT_EMIT_LOC_STRINGS = YES;
				SWIFT_VERSION = 5.0;
				TARGETED_DEVICE_FAMILY = "1,2";
			};
			name = Release;
		};
		BFEC3AD32D1124FA009B636A /* Debug */ = {
			isa = XCBuildConfiguration;
			buildSettings = {
				ALWAYS_SEARCH_USER_PATHS = NO;
				ASSETCATALOG_COMPILER_GENERATE_SWIFT_ASSET_SYMBOL_EXTENSIONS = YES;
				CLANG_ANALYZER_NONNULL = YES;
				CLANG_ANALYZER_NUMBER_OBJECT_CONVERSION = YES_AGGRESSIVE;
				CLANG_CXX_LANGUAGE_STANDARD = "gnu++20";
				CLANG_ENABLE_MODULES = YES;
				CLANG_ENABLE_OBJC_ARC = YES;
				CLANG_ENABLE_OBJC_WEAK = YES;
				CLANG_WARN_BLOCK_CAPTURE_AUTORELEASING = YES;
				CLANG_WARN_BOOL_CONVERSION = YES;
				CLANG_WARN_COMMA = YES;
				CLANG_WARN_CONSTANT_CONVERSION = YES;
				CLANG_WARN_DEPRECATED_OBJC_IMPLEMENTATIONS = YES;
				CLANG_WARN_DIRECT_OBJC_ISA_USAGE = YES_ERROR;
				CLANG_WARN_DOCUMENTATION_COMMENTS = YES;
				CLANG_WARN_EMPTY_BODY = YES;
				CLANG_WARN_ENUM_CONVERSION = YES;
				CLANG_WARN_INFINITE_RECURSION = YES;
				CLANG_WARN_INT_CONVERSION = YES;
				CLANG_WARN_NON_LITERAL_NULL_CONVERSION = YES;
				CLANG_WARN_OBJC_IMPLICIT_RETAIN_SELF = YES;
				CLANG_WARN_OBJC_LITERAL_CONVERSION = YES;
				CLANG_WARN_OBJC_ROOT_CLASS = YES_ERROR;
				CLANG_WARN_QUOTED_INCLUDE_IN_FRAMEWORK_HEADER = YES;
				CLANG_WARN_RANGE_LOOP_ANALYSIS = YES;
				CLANG_WARN_STRICT_PROTOTYPES = YES;
				CLANG_WARN_SUSPICIOUS_MOVE = YES;
				CLANG_WARN_UNGUARDED_AVAILABILITY = YES_AGGRESSIVE;
				CLANG_WARN_UNREACHABLE_CODE = YES;
				CLANG_WARN__DUPLICATE_METHOD_MATCH = YES;
				COPY_PHASE_STRIP = NO;
				DEBUG_INFORMATION_FORMAT = dwarf;
				ENABLE_STRICT_OBJC_MSGSEND = YES;
				ENABLE_TESTABILITY = YES;
				ENABLE_USER_SCRIPT_SANDBOXING = YES;
				GCC_C_LANGUAGE_STANDARD = gnu17;
				GCC_DYNAMIC_NO_PIC = NO;
				GCC_NO_COMMON_BLOCKS = YES;
				GCC_OPTIMIZATION_LEVEL = 0;
				GCC_PREPROCESSOR_DEFINITIONS = (
					"DEBUG=1",
					"$(inherited)",
				);
				GCC_WARN_64_TO_32_BIT_CONVERSION = YES;
				GCC_WARN_ABOUT_RETURN_TYPE = YES_ERROR;
				GCC_WARN_UNDECLARED_SELECTOR = YES;
				GCC_WARN_UNINITIALIZED_AUTOS = YES_AGGRESSIVE;
				GCC_WARN_UNUSED_FUNCTION = YES;
				GCC_WARN_UNUSED_VARIABLE = YES;
				IPHONEOS_DEPLOYMENT_TARGET = 18.1;
				LOCALIZATION_PREFERS_STRING_CATALOGS = YES;
				MTL_ENABLE_DEBUG_INFO = INCLUDE_SOURCE;
				MTL_FAST_MATH = YES;
				ONLY_ACTIVE_ARCH = YES;
				SDKROOT = iphoneos;
				SWIFT_ACTIVE_COMPILATION_CONDITIONS = "DEBUG $(inherited)";
				SWIFT_OPTIMIZATION_LEVEL = "-Onone";
			};
			name = Debug;
		};
		BFEC3AD42D1124FA009B636A /* Release */ = {
			isa = XCBuildConfiguration;
			buildSettings = {
				ALWAYS_SEARCH_USER_PATHS = NO;
				ASSETCATALOG_COMPILER_GENERATE_SWIFT_ASSET_SYMBOL_EXTENSIONS = YES;
				CLANG_ANALYZER_NONNULL = YES;
				CLANG_ANALYZER_NUMBER_OBJECT_CONVERSION = YES_AGGRESSIVE;
				CLANG_CXX_LANGUAGE_STANDARD = "gnu++20";
				CLANG_ENABLE_MODULES = YES;
				CLANG_ENABLE_OBJC_ARC = YES;
				CLANG_ENABLE_OBJC_WEAK = YES;
				CLANG_WARN_BLOCK_CAPTURE_AUTORELEASING = YES;
				CLANG_WARN_BOOL_CONVERSION = YES;
				CLANG_WARN_COMMA = YES;
				CLANG_WARN_CONSTANT_CONVERSION = YES;
				CLANG_WARN_DEPRECATED_OBJC_IMPLEMENTATIONS = YES;
				CLANG_WARN_DIRECT_OBJC_ISA_USAGE = YES_ERROR;
				CLANG_WARN_DOCUMENTATION_COMMENTS = YES;
				CLANG_WARN_EMPTY_BODY = YES;
				CLANG_WARN_ENUM_CONVERSION = YES;
				CLANG_WARN_INFINITE_RECURSION = YES;
				CLANG_WARN_INT_CONVERSION = YES;
				CLANG_WARN_NON_LITERAL_NULL_CONVERSION = YES;
				CLANG_WARN_OBJC_IMPLICIT_RETAIN_SELF = YES;
				CLANG_WARN_OBJC_LITERAL_CONVERSION = YES;
				CLANG_WARN_OBJC_ROOT_CLASS = YES_ERROR;
				CLANG_WARN_QUOTED_INCLUDE_IN_FRAMEWORK_HEADER = YES;
				CLANG_WARN_RANGE_LOOP_ANALYSIS = YES;
				CLANG_WARN_STRICT_PROTOTYPES = YES;
				CLANG_WARN_SUSPICIOUS_MOVE = YES;
				CLANG_WARN_UNGUARDED_AVAILABILITY = YES_AGGRESSIVE;
				CLANG_WARN_UNREACHABLE_CODE = YES;
				CLANG_WARN__DUPLICATE_METHOD_MATCH = YES;
				COPY_PHASE_STRIP = NO;
				DEBUG_INFORMATION_FORMAT = "dwarf-with-dsym";
				ENABLE_NS_ASSERTIONS = NO;
				ENABLE_STRICT_OBJC_MSGSEND = YES;
				ENABLE_USER_SCRIPT_SANDBOXING = YES;
				GCC_C_LANGUAGE_STANDARD = gnu17;
				GCC_NO_COMMON_BLOCKS = YES;
				GCC_WARN_64_TO_32_BIT_CONVERSION = YES;
				GCC_WARN_ABOUT_RETURN_TYPE = YES_ERROR;
				GCC_WARN_UNDECLARED_SELECTOR = YES;
				GCC_WARN_UNINITIALIZED_AUTOS = YES_AGGRESSIVE;
				GCC_WARN_UNUSED_FUNCTION = YES;
				GCC_WARN_UNUSED_VARIABLE = YES;
				IPHONEOS_DEPLOYMENT_TARGET = 18.1;
				LOCALIZATION_PREFERS_STRING_CATALOGS = YES;
				MTL_ENABLE_DEBUG_INFO = NO;
				MTL_FAST_MATH = YES;
				SDKROOT = iphoneos;
				SWIFT_COMPILATION_MODE = wholemodule;
				VALIDATE_PRODUCT = YES;
			};
			name = Release;
		};
/* End XCBuildConfiguration section */

/* Begin XCConfigurationList section */
		BF254D102D1918E700944721 /* Build configuration list for PBXNativeTarget "BankeyUnitTests" */ = {
			isa = XCConfigurationList;
			buildConfigurations = (
				BF254D0E2D1918E700944721 /* Debug */,
				BF254D0F2D1918E700944721 /* Release */,
			);
			defaultConfigurationIsVisible = 0;
			defaultConfigurationName = Release;
		};
		BFEC3AB82D1124F9009B636A /* Build configuration list for PBXProject "Bankey" */ = {
			isa = XCConfigurationList;
			buildConfigurations = (
				BFEC3AD32D1124FA009B636A /* Debug */,
				BFEC3AD42D1124FA009B636A /* Release */,
			);
			defaultConfigurationIsVisible = 0;
			defaultConfigurationName = Release;
		};
		BFEC3AD02D1124FA009B636A /* Build configuration list for PBXNativeTarget "Bankey" */ = {
			isa = XCConfigurationList;
			buildConfigurations = (
				BFEC3AD12D1124FA009B636A /* Debug */,
				BFEC3AD22D1124FA009B636A /* Release */,
			);
			defaultConfigurationIsVisible = 0;
			defaultConfigurationName = Release;
		};
/* End XCConfigurationList section */
	};
	rootObject = BFEC3AB52D1124F9009B636A /* Project object */;
}
